
Microsoft Visual Studio Solution File, Format Version 11.00
# Visual Studio 2010
Project("{FAE04EC0-301F-11D3-BF4B-00C04F79EFBC}") = "ADUserInformation", "ADUserInformation\ADUserInformation.csproj", "{9F9FE35D-6B36-42E0-B7EA-8576DB0A3D67}"
EndProject
Global
	GlobalSection(TeamFoundationVersionControl) = preSolution
		SccNumberOfProjects = 2
		SccEnterpriseProvider = {4CA58AB2-18FA-4F8D-95D4-32DDF27D184C}
		SccTeamFoundationServer = http://vpwdvtfs:8080/tfs/hed-it
		SccLocalPath0 = .
		SccProjectUniqueName1 = ADUserInformation\\ADUserInformation.csproj
		SccProjectName1 = ADUserInformation
		SccLocalPath1 = ADUserInformation
	EndGlobalSection
	GlobalSection(SolutionConfigurationPlatforms) = preSolution
		Debug|Any CPU = Debug|Any CPU
		Release|Any CPU = Release|Any CPU
	EndGlobalSection
	GlobalSection(ProjectConfigurationPlatforms) = postSolution
		{9F9FE35D-6B36-42E0-B7EA-8576DB0A3D67}.Debug|Any CPU.ActiveCfg = Debug|Any CPU
		{9F9FE35D-6B36-42E0-B7EA-8576DB0A3D67}.Debug|Any CPU.Build.0 = Debug|Any CPU
		{9F9FE35D-6B36-42E0-B7EA-8576DB0A3D67}.Debug|Any CPU.Deploy.0 = Debug|Any CPU
		{9F9FE35D-6B36-42E0-B7EA-8576DB0A3D67}.Release|Any CPU.ActiveCfg = Release|Any CPU
		{9F9FE35D-6B36-42E0-B7EA-8576DB0A3D67}.Release|Any CPU.Build.0 = Release|Any CPU
		{9F9FE35D-6B36-42E0-B7EA-8576DB0A3D67}.Release|Any CPU.Deploy.0 = Release|Any CPU
	EndGlobalSection
	GlobalSection(SolutionProperties) = preSolution
		HideSolutionNode = FALSE
	EndGlobalSection
EndGlobal
